
Microsoft Visual Studio Solution File, Format Version 12.00
# Visual Studio Version 17
VisualStudioVersion = 17.5.33414.496
MinimumVisualStudioVersion = 10.0.40219.1
Project("{9A19103F-16F7-4668-BE54-9A1E7A4F7556}") = "ListaNumeri", "EserciziBase\ListaNumeri.csproj", "{4212C9DB-031D-4ADC-94C8-E26FD073FB93}"
EndProject
Project("{FAE04EC0-301F-11D3-BF4B-00C04F79EFBC}") = "SerieNumerica", "NumberSeries ex2\SerieNumerica.csproj", "{04408DD5-8ACA-4AD8-8ABB-DDB4E2494A44}"
EndProject
Project("{FAE04EC0-301F-11D3-BF4B-00C04F79EFBC}") = "Palindromo", "Palindromo\Palindromo.csproj", "{5E879023-3E39-4961-A1FD-69A6E48DCF70}"
EndProject
Project("{FAE04EC0-301F-11D3-BF4B-00C04F79EFBC}") = "Vettore", "Vettore\Vettore.csproj", "{70FBA524-F598-4071-A5A8-DAC080BE3E73}"
EndProject
Project("{FAE04EC0-301F-11D3-BF4B-00C04F79EFBC}") = "Appuntamento", "Appuntamento\Appuntamento.csproj", "{F095F8D6-68EF-4F29-A880-40713C9D94AB}"
EndProject
Project("{FAE04EC0-301F-11D3-BF4B-00C04F79EFBC}") = "Crucipuzzle", "Crucipuzzle\Crucipuzzle.csproj", "{8220B5F3-6C37-4BFB-92EB-B0126BC34CDD}"
EndProject
Project("{FAE04EC0-301F-11D3-BF4B-00C04F79EFBC}") = "Gestionale_Albergo", "Gestionale_Albergo\Gestionale_Albergo.csproj", "{6A49192F-D298-4E29-964A-7F91196D33D9}"
EndProject
Global
	GlobalSection(SolutionConfigurationPlatforms) = preSolution
		Debug|Any CPU = Debug|Any CPU
		Release|Any CPU = Release|Any CPU
	EndGlobalSection
	GlobalSection(ProjectConfigurationPlatforms) = postSolution
		{4212C9DB-031D-4ADC-94C8-E26FD073FB93}.Debug|Any CPU.ActiveCfg = Debug|Any CPU
		{4212C9DB-031D-4ADC-94C8-E26FD073FB93}.Debug|Any CPU.Build.0 = Debug|Any CPU
		{4212C9DB-031D-4ADC-94C8-E26FD073FB93}.Release|Any CPU.ActiveCfg = Release|Any CPU
		{4212C9DB-031D-4ADC-94C8-E26FD073FB93}.Release|Any CPU.Build.0 = Release|Any CPU
		{04408DD5-8ACA-4AD8-8ABB-DDB4E2494A44}.Debug|Any CPU.ActiveCfg = Debug|Any CPU
		{04408DD5-8ACA-4AD8-8ABB-DDB4E2494A44}.Debug|Any CPU.Build.0 = Debug|Any CPU
		{04408DD5-8ACA-4AD8-8ABB-DDB4E2494A44}.Release|Any CPU.ActiveCfg = Release|Any CPU
		{04408DD5-8ACA-4AD8-8ABB-DDB4E2494A44}.Release|Any CPU.Build.0 = Release|Any CPU
		{5E879023-3E39-4961-A1FD-69A6E48DCF70}.Debug|Any CPU.ActiveCfg = Debug|Any CPU
		{5E879023-3E39-4961-A1FD-69A6E48DCF70}.Debug|Any CPU.Build.0 = Debug|Any CPU
		{5E879023-3E39-4961-A1FD-69A6E48DCF70}.Release|Any CPU.ActiveCfg = Release|Any CPU
		{5E879023-3E39-4961-A1FD-69A6E48DCF70}.Release|Any CPU.Build.0 = Release|Any CPU
		{70FBA524-F598-4071-A5A8-DAC080BE3E73}.Debug|Any CPU.ActiveCfg = Debug|Any CPU
		{70FBA524-F598-4071-A5A8-DAC080BE3E73}.Debug|Any CPU.Build.0 = Debug|Any CPU
		{70FBA524-F598-4071-A5A8-DAC080BE3E73}.Release|Any CPU.ActiveCfg = Release|Any CPU
		{70FBA524-F598-4071-A5A8-DAC080BE3E73}.Release|Any CPU.Build.0 = Release|Any CPU
		{F095F8D6-68EF-4F29-A880-40713C9D94AB}.Debug|Any CPU.ActiveCfg = Debug|Any CPU
		{F095F8D6-68EF-4F29-A880-40713C9D94AB}.Debug|Any CPU.Build.0 = Debug|Any CPU
		{F095F8D6-68EF-4F29-A880-40713C9D94AB}.Release|Any CPU.ActiveCfg = Release|Any CPU
		{F095F8D6-68EF-4F29-A880-40713C9D94AB}.Release|Any CPU.Build.0 = Release|Any CPU
		{8220B5F3-6C37-4BFB-92EB-B0126BC34CDD}.Debug|Any CPU.ActiveCfg = Debug|Any CPU
		{8220B5F3-6C37-4BFB-92EB-B0126BC34CDD}.Debug|Any CPU.Build.0 = Debug|Any CPU
		{8220B5F3-6C37-4BFB-92EB-B0126BC34CDD}.Release|Any CPU.ActiveCfg = Release|Any CPU
		{8220B5F3-6C37-4BFB-92EB-B0126BC34CDD}.Release|Any CPU.Build.0 = Release|Any CPU
		{6A49192F-D298-4E29-964A-7F91196D33D9}.Debug|Any CPU.ActiveCfg = Debug|Any CPU
		{6A49192F-D298-4E29-964A-7F91196D33D9}.Debug|Any CPU.Build.0 = Debug|Any CPU
		{6A49192F-D298-4E29-964A-7F91196D33D9}.Release|Any CPU.ActiveCfg = Release|Any CPU
		{6A49192F-D298-4E29-964A-7F91196D33D9}.Release|Any CPU.Build.0 = Release|Any CPU
	EndGlobalSection
	GlobalSection(SolutionProperties) = preSolution
		HideSolutionNode = FALSE
	EndGlobalSection
	GlobalSection(ExtensibilityGlobals) = postSolution
		SolutionGuid = {3294AAC8-C964-48DF-A545-0F677ED568B3}
	EndGlobalSection
EndGlobal
